// !$*UTF8*$!
{
	archiveVersion = 1;
	classes = {
	};
	objectVersion = 56;
	objects = {

/* Begin PBXBuildFile section */
		78B8E2892C4144B3000EB0F5 /* AppDelegate.swift in Sources */ = {isa = PBXBuildFile; fileRef = 78B8E2882C4144B3000EB0F5 /* AppDelegate.swift */; };
		78B8E28B2C4144B3000EB0F5 /* SceneDelegate.swift in Sources */ = {isa = PBXBuildFile; fileRef = 78B8E28A2C4144B3000EB0F5 /* SceneDelegate.swift */; };
		78B8E28D2C4144B3000EB0F5 /* ViewController.swift in Sources */ = {isa = PBXBuildFile; fileRef = 78B8E28C2C4144B3000EB0F5 /* ViewController.swift */; };
		78B8E2902C4144B3000EB0F5 /* Main.storyboard in Resources */ = {isa = PBXBuildFile; fileRef = 78B8E28E2C4144B3000EB0F5 /* Main.storyboard */; };
		78B8E2932C4144B3000EB0F5 /* m2pfintechAssignment.xcdatamodeld in Sources */ = {isa = PBXBuildFile; fileRef = 78B8E2912C4144B3000EB0F5 /* m2pfintechAssignment.xcdatamodeld */; };
		78B8E2952C4144B5000EB0F5 /* Assets.xcassets in Resources */ = {isa = PBXBuildFile; fileRef = 78B8E2942C4144B5000EB0F5 /* Assets.xcassets */; };
		78B8E2982C4144B5000EB0F5 /* LaunchScreen.storyboard in Resources */ = {isa = PBXBuildFile; fileRef = 78B8E2962C4144B5000EB0F5 /* LaunchScreen.storyboard */; };
		78B8E2A32C4144B5000EB0F5 /* m2pfintechAssignmentTests.swift in Sources */ = {isa = PBXBuildFile; fileRef = 78B8E2A22C4144B5000EB0F5 /* m2pfintechAssignmentTests.swift */; };
		78B8E2AD2C4144B5000EB0F5 /* m2pfintechAssignmentUITests.swift in Sources */ = {isa = PBXBuildFile; fileRef = 78B8E2AC2C4144B5000EB0F5 /* m2pfintechAssignmentUITests.swift */; };
		78B8E2AF2C4144B5000EB0F5 /* m2pfintechAssignmentUITestsLaunchTests.swift in Sources */ = {isa = PBXBuildFile; fileRef = 78B8E2AE2C4144B5000EB0F5 /* m2pfintechAssignmentUITestsLaunchTests.swift */; };
/* End PBXBuildFile section */

/* Begin PBXContainerItemProxy section */
		78B8E29F2C4144B5000EB0F5 /* PBXContainerItemProxy */ = {
			isa = PBXContainerItemProxy;
			containerPortal = 78B8E27D2C4144B3000EB0F5 /* Project object */;
			proxyType = 1;
			remoteGlobalIDString = 78B8E2842C4144B3000EB0F5;
			remoteInfo = m2pfintechAssignment;
		};
		78B8E2A92C4144B5000EB0F5 /* PBXContainerItemProxy */ = {
			isa = PBXContainerItemProxy;
			containerPortal = 78B8E27D2C4144B3000EB0F5 /* Project object */;
			proxyType = 1;
			remoteGlobalIDString = 78B8E2842C4144B3000EB0F5;
			remoteInfo = m2pfintechAssignment;
		};
/* End PBXContainerItemProxy section */

/* Begin PBXFileReference section */
		78B8E2852C4144B3000EB0F5 /* m2pfintechAssignment.app */ = {isa = PBXFileReference; explicitFileType = wrapper.application; includeInIndex = 0; path = m2pfintechAssignment.app; sourceTree = BUILT_PRODUCTS_DIR; };
		78B8E2882C4144B3000EB0F5 /* AppDelegate.swift */ = {isa = PBXFileReference; lastKnownFileType = sourcecode.swift; path = AppDelegate.swift; sourceTree = "<group>"; };
		78B8E28A2C4144B3000EB0F5 /* SceneDelegate.swift */ = {isa = PBXFileReference; lastKnownFileType = sourcecode.swift; path = SceneDelegate.swift; sourceTree = "<group>"; };
		78B8E28C2C4144B3000EB0F5 /* ViewController.swift */ = {isa = PBXFileReference; lastKnownFileType = sourcecode.swift; path = ViewController.swift; sourceTree = "<group>"; };
		78B8E28F2C4144B3000EB0F5 /* Base */ = {isa = PBXFileReference; lastKnownFileType = file.storyboard; name = Base; path = Base.lproj/Main.storyboard; sourceTree = "<group>"; };
		78B8E2922C4144B3000EB0F5 /* m2pfintechAssignment.xcdatamodel */ = {isa = PBXFileReference; lastKnownFileType = wrapper.xcdatamodel; path = m2pfintechAssignment.xcdatamodel; sourceTree = "<group>"; };
		78B8E2942C4144B5000EB0F5 /* Assets.xcassets */ = {isa = PBXFileReference; lastKnownFileType = folder.assetcatalog; path = Assets.xcassets; sourceTree = "<group>"; };
		78B8E2972C4144B5000EB0F5 /* Base */ = {isa = PBXFileReference; lastKnownFileType = file.storyboard; name = Base; path = Base.lproj/LaunchScreen.storyboard; sourceTree = "<group>"; };
		78B8E2992C4144B5000EB0F5 /* Info.plist */ = {isa = PBXFileReference; lastKnownFileType = text.plist.xml; path = Info.plist; sourceTree = "<group>"; };
		78B8E29E2C4144B5000EB0F5 /* m2pfintechAssignmentTests.xctest */ = {isa = PBXFileReference; explicitFileType = wrapper.cfbundle; includeInIndex = 0; path = m2pfintechAssignmentTests.xctest; sourceTree = BUILT_PRODUCTS_DIR; };
		78B8E2A22C4144B5000EB0F5 /* m2pfintechAssignmentTests.swift */ = {isa = PBXFileReference; lastKnownFileType = sourcecode.swift; path = m2pfintechAssignmentTests.swift; sourceTree = "<group>"; };
		78B8E2A82C4144B5000EB0F5 /* m2pfintechAssignmentUITests.xctest */ = {isa = PBXFileReference; explicitFileType = wrapper.cfbundle; includeInIndex = 0; path = m2pfintechAssignmentUITests.xctest; sourceTree = BUILT_PRODUCTS_DIR; };
		78B8E2AC2C4144B5000EB0F5 /* m2pfintechAssignmentUITests.swift */ = {isa = PBXFileReference; lastKnownFileType = sourcecode.swift; path = m2pfintechAssignmentUITests.swift; sourceTree = "<group>"; };
		78B8E2AE2C4144B5000EB0F5 /* m2pfintechAssignmentUITestsLaunchTests.swift */ = {isa = PBXFileReference; lastKnownFileType = sourcecode.swift; path = m2pfintechAssignmentUITestsLaunchTests.swift; sourceTree = "<group>"; };
/* End PBXFileReference section */

/* Begin PBXFrameworksBuildPhase section */
		78B8E2822C4144B3000EB0F5 /* Frameworks */ = {
			isa = PBXFrameworksBuildPhase;
			buildActionMask = 2147483647;
			files = (
			);
			runOnlyForDeploymentPostprocessing = 0;
		};
		78B8E29B2C4144B5000EB0F5 /* Frameworks */ = {
			isa = PBXFrameworksBuildPhase;
			buildActionMask = 2147483647;
			files = (
			);
			runOnlyForDeploymentPostprocessing = 0;
		};
		78B8E2A52C4144B5000EB0F5 /* Frameworks */ = {
			isa = PBXFrameworksBuildPhase;
			buildActionMask = 2147483647;
			files = (
			);
			runOnlyForDeploymentPostprocessing = 0;
		};
/* End PBXFrameworksBuildPhase section */

/* Begin PBXGroup section */
		78B8E27C2C4144B3000EB0F5 = {
			isa = PBXGroup;
			children = (
				78B8E2872C4144B3000EB0F5 /* m2pfintechAssignment */,
				78B8E2A12C4144B5000EB0F5 /* m2pfintechAssignmentTests */,
				78B8E2AB2C4144B5000EB0F5 /* m2pfintechAssignmentUITests */,
				78B8E2862C4144B3000EB0F5 /* Products */,
			);
			sourceTree = "<group>";
		};
		78B8E2862C4144B3000EB0F5 /* Products */ = {
			isa = PBXGroup;
			children = (
				78B8E2852C4144B3000EB0F5 /* m2pfintechAssignment.app */,
				78B8E29E2C4144B5000EB0F5 /* m2pfintechAssignmentTests.xctest */,
				78B8E2A82C4144B5000EB0F5 /* m2pfintechAssignmentUITests.xctest */,
			);
			name = Products;
			sourceTree = "<group>";
		};
		78B8E2872C4144B3000EB0F5 /* m2pfintechAssignment */ = {
			isa = PBXGroup;
			children = (
				78B8E2882C4144B3000EB0F5 /* AppDelegate.swift */,
				78B8E28A2C4144B3000EB0F5 /* SceneDelegate.swift */,
				78B8E28C2C4144B3000EB0F5 /* ViewController.swift */,
				78B8E28E2C4144B3000EB0F5 /* Main.storyboard */,
				78B8E2942C4144B5000EB0F5 /* Assets.xcassets */,
				78B8E2962C4144B5000EB0F5 /* LaunchScreen.storyboard */,
				78B8E2992C4144B5000EB0F5 /* Info.plist */,
				78B8E2912C4144B3000EB0F5 /* m2pfintechAssignment.xcdatamodeld */,
			);
			path = m2pfintechAssignment;
			sourceTree = "<group>";
		};
		78B8E2A12C4144B5000EB0F5 /* m2pfintechAssignmentTests */ = {
			isa = PBXGroup;
			children = (
				78B8E2A22C4144B5000EB0F5 /* m2pfintechAssignmentTests.swift */,
			);
			path = m2pfintechAssignmentTests;
			sourceTree = "<group>";
		};
		78B8E2AB2C4144B5000EB0F5 /* m2pfintechAssignmentUITests */ = {
			isa = PBXGroup;
			children = (
				78B8E2AC2C4144B5000EB0F5 /* m2pfintechAssignmentUITests.swift */,
				78B8E2AE2C4144B5000EB0F5 /* m2pfintechAssignmentUITestsLaunchTests.swift */,
			);
			path = m2pfintechAssignmentUITests;
			sourceTree = "<group>";
		};
/* End PBXGroup section */

/* Begin PBXNativeTarget section */
		78B8E2842C4144B3000EB0F5 /* m2pfintechAssignment */ = {
			isa = PBXNativeTarget;
			buildConfigurationList = 78B8E2B22C4144B5000EB0F5 /* Build configuration list for PBXNativeTarget "m2pfintechAssignment" */;
			buildPhases = (
				78B8E2812C4144B3000EB0F5 /* Sources */,
				78B8E2822C4144B3000EB0F5 /* Frameworks */,
				78B8E2832C4144B3000EB0F5 /* Resources */,
			);
			buildRules = (
			);
			dependencies = (
			);
			name = m2pfintechAssignment;
			productName = m2pfintechAssignment;
			productReference = 78B8E2852C4144B3000EB0F5 /* m2pfintechAssignment.app */;
			productType = "com.apple.product-type.application";
		};
		78B8E29D2C4144B5000EB0F5 /* m2pfintechAssignmentTests */ = {
			isa = PBXNativeTarget;
			buildConfigurationList = 78B8E2B52C4144B5000EB0F5 /* Build configuration list for PBXNativeTarget "m2pfintechAssignmentTests" */;
			buildPhases = (
				78B8E29A2C4144B5000EB0F5 /* Sources */,
				78B8E29B2C4144B5000EB0F5 /* Frameworks */,
				78B8E29C2C4144B5000EB0F5 /* Resources */,
			);
			buildRules = (
			);
			dependencies = (
				78B8E2A02C4144B5000EB0F5 /* PBXTargetDependency */,
			);
			name = m2pfintechAssignmentTests;
			productName = m2pfintechAssignmentTests;
			productReference = 78B8E29E2C4144B5000EB0F5 /* m2pfintechAssignmentTests.xctest */;
			productType = "com.apple.product-type.bundle.unit-test";
		};
		78B8E2A72C4144B5000EB0F5 /* m2pfintechAssignmentUITests */ = {
			isa = PBXNativeTarget;
			buildConfigurationList = 78B8E2B82C4144B5000EB0F5 /* Build configuration list for PBXNativeTarget "m2pfintechAssignmentUITests" */;
			buildPhases = (
				78B8E2A42C4144B5000EB0F5 /* Sources */,
				78B8E2A52C4144B5000EB0F5 /* Frameworks */,
				78B8E2A62C4144B5000EB0F5 /* Resources */,
			);
			buildRules = (
			);
			dependencies = (
				78B8E2AA2C4144B5000EB0F5 /* PBXTargetDependency */,
			);
			name = m2pfintechAssignmentUITests;
			productName = m2pfintechAssignmentUITests;
			productReference = 78B8E2A82C4144B5000EB0F5 /* m2pfintechAssignmentUITests.xctest */;
			productType = "com.apple.product-type.bundle.ui-testing";
		};
/* End PBXNativeTarget section */

/* Begin PBXProject section */
		78B8E27D2C4144B3000EB0F5 /* Project object */ = {
			isa = PBXProject;
			attributes = {
				BuildIndependentTargetsInParallel = 1;
				LastSwiftUpdateCheck = 1510;
				LastUpgradeCheck = 1510;
				TargetAttributes = {
					78B8E2842C4144B3000EB0F5 = {
						CreatedOnToolsVersion = 15.1;
					};
					78B8E29D2C4144B5000EB0F5 = {
						CreatedOnToolsVersion = 15.1;
						TestTargetID = 78B8E2842C4144B3000EB0F5;
					};
					78B8E2A72C4144B5000EB0F5 = {
						CreatedOnToolsVersion = 15.1;
						TestTargetID = 78B8E2842C4144B3000EB0F5;
					};
				};
			};
			buildConfigurationList = 78B8E2802C4144B3000EB0F5 /* Build configuration list for PBXProject "m2pfintechAssignment" */;
			compatibilityVersion = "Xcode 14.0";
			developmentRegion = en;
			hasScannedForEncodings = 0;
			knownRegions = (
				en,
				Base,
			);
			mainGroup = 78B8E27C2C4144B3000EB0F5;
			productRefGroup = 78B8E2862C4144B3000EB0F5 /* Products */;
			projectDirPath = "";
			projectRoot = "";
			targets = (
				78B8E2842C4144B3000EB0F5 /* m2pfintechAssignment */,
				78B8E29D2C4144B5000EB0F5 /* m2pfintechAssignmentTests */,
				78B8E2A72C4144B5000EB0F5 /* m2pfintechAssignmentUITests */,
			);
		};
/* End PBXProject section */

/* Begin PBXResourcesBuildPhase section */
		78B8E2832C4144B3000EB0F5 /* Resources */ = {
			isa = PBXResourcesBuildPhase;
			buildActionMask = 2147483647;
			files = (
				78B8E2982C4144B5000EB0F5 /* LaunchScreen.storyboard in Resources */,
				78B8E2952C4144B5000EB0F5 /* Assets.xcassets in Resources */,
				78B8E2902C4144B3000EB0F5 /* Main.storyboard in Resources */,
			);
			runOnlyForDeploymentPostprocessing = 0;
		};
		78B8E29C2C4144B5000EB0F5 /* Resources */ = {
			isa = PBXResourcesBuildPhase;
			buildActionMask = 2147483647;
			files = (
			);
			runOnlyForDeploymentPostprocessing = 0;
		};
		78B8E2A62C4144B5000EB0F5 /* Resources */ = {
			isa = PBXResourcesBuildPhase;
			buildActionMask = 2147483647;
			files = (
			);
			runOnlyForDeploymentPostprocessing = 0;
		};
/* End PBXResourcesBuildPhase section */

/* Begin PBXSourcesBuildPhase section */
		78B8E2812C4144B3000EB0F5 /* Sources */ = {
			isa = PBXSourcesBuildPhase;
			buildActionMask = 2147483647;
			files = (
				78B8E28D2C4144B3000EB0F5 /* ViewController.swift in Sources */,
				78B8E2892C4144B3000EB0F5 /* AppDelegate.swift in Sources */,
				78B8E2932C4144B3000EB0F5 /* m2pfintechAssignment.xcdatamodeld in Sources */,
				78B8E28B2C4144B3000EB0F5 /* SceneDelegate.swift in Sources */,
			);
			runOnlyForDeploymentPostprocessing = 0;
		};
		78B8E29A2C4144B5000EB0F5 /* Sources */ = {
			isa = PBXSourcesBuildPhase;
			buildActionMask = 2147483647;
			files = (
				78B8E2A32C4144B5000EB0F5 /* m2pfintechAssignmentTests.swift in Sources */,
			);
			runOnlyForDeploymentPostprocessing = 0;
		};
		78B8E2A42C4144B5000EB0F5 /* Sources */ = {
			isa = PBXSourcesBuildPhase;
			buildActionMask = 2147483647;
			files = (
				78B8E2AD2C4144B5000EB0F5 /* m2pfintechAssignmentUITests.swift in Sources */,
				78B8E2AF2C4144B5000EB0F5 /* m2pfintechAssignmentUITestsLaunchTests.swift in Sources */,
			);
			runOnlyForDeploymentPostprocessing = 0;
		};
/* End PBXSourcesBuildPhase section */

/* Begin PBXTargetDependency section */
		78B8E2A02C4144B5000EB0F5 /* PBXTargetDependency */ = {
			isa = PBXTargetDependency;
			target = 78B8E2842C4144B3000EB0F5 /* m2pfintechAssignment */;
			targetProxy = 78B8E29F2C4144B5000EB0F5 /* PBXContainerItemProxy */;
		};
		78B8E2AA2C4144B5000EB0F5 /* PBXTargetDependency */ = {
			isa = PBXTargetDependency;
			target = 78B8E2842C4144B3000EB0F5 /* m2pfintechAssignment */;
			targetProxy = 78B8E2A92C4144B5000EB0F5 /* PBXContainerItemProxy */;
		};
/* End PBXTargetDependency section */

/* Begin PBXVariantGroup section */
		78B8E28E2C4144B3000EB0F5 /* Main.storyboard */ = {
			isa = PBXVariantGroup;
			children = (
				78B8E28F2C4144B3000EB0F5 /* Base */,
			);
			name = Main.storyboard;
			sourceTree = "<group>";
		};
		78B8E2962C4144B5000EB0F5 /* LaunchScreen.storyboard */ = {
			isa = PBXVariantGroup;
			children = (
				78B8E2972C4144B5000EB0F5 /* Base */,
			);
			name = LaunchScreen.storyboard;
			sourceTree = "<group>";
		};
/* End PBXVariantGroup section */

/* Begin XCBuildConfiguration section */
		78B8E2B02C4144B5000EB0F5 /* Debug */ = {
			isa = XCBuildConfiguration;
			buildSettings = {
				ALWAYS_SEARCH_USER_PATHS = NO;
				ASSETCATALOG_COMPILER_GENERATE_SWIFT_ASSET_SYMBOL_EXTENSIONS = YES;
				CLANG_ANALYZER_NONNULL = YES;
				CLANG_ANALYZER_NUMBER_OBJECT_CONVERSION = YES_AGGRESSIVE;
				CLANG_CXX_LANGUAGE_STANDARD = "gnu++20";
				CLANG_ENABLE_MODULES = YES;
				CLANG_ENABLE_OBJC_ARC = YES;
				CLANG_ENABLE_OBJC_WEAK = YES;
				CLANG_WARN_BLOCK_CAPTURE_AUTORELEASING = YES;
				CLANG_WARN_BOOL_CONVERSION = YES;
				CLANG_WARN_COMMA = YES;
				CLANG_WARN_CONSTANT_CONVERSION = YES;
				CLANG_WARN_DEPRECATED_OBJC_IMPLEMENTATIONS = YES;
				CLANG_WARN_DIRECT_OBJC_ISA_USAGE = YES_ERROR;
				CLANG_WARN_DOCUMENTATION_COMMENTS = YES;
				CLANG_WARN_EMPTY_BODY = YES;
				CLANG_WARN_ENUM_CONVERSION = YES;
				CLANG_WARN_INFINITE_RECURSION = YES;
				CLANG_WARN_INT_CONVERSION = YES;
				CLANG_WARN_NON_LITERAL_NULL_CONVERSION = YES;
				CLANG_WARN_OBJC_IMPLICIT_RETAIN_SELF = YES;
				CLANG_WARN_OBJC_LITERAL_CONVERSION = YES;
				CLANG_WARN_OBJC_ROOT_CLASS = YES_ERROR;
				CLANG_WARN_QUOTED_INCLUDE_IN_FRAMEWORK_HEADER = YES;
				CLANG_WARN_RANGE_LOOP_ANALYSIS = YES;
				CLANG_WARN_STRICT_PROTOTYPES = YES;
				CLANG_WARN_SUSPICIOUS_MOVE = YES;
				CLANG_WARN_UNGUARDED_AVAILABILITY = YES_AGGRESSIVE;
				CLANG_WARN_UNREACHABLE_CODE = YES;
				CLANG_WARN__DUPLICATE_METHOD_MATCH = YES;
				COPY_PHASE_STRIP = NO;
				DEBUG_INFORMATION_FORMAT = dwarf;
				ENABLE_STRICT_OBJC_MSGSEND = YES;
				ENABLE_TESTABILITY = YES;
				ENABLE_USER_SCRIPT_SANDBOXING = YES;
				GCC_C_LANGUAGE_STANDARD = gnu17;
				GCC_DYNAMIC_NO_PIC = NO;
				GCC_NO_COMMON_BLOCKS = YES;
				GCC_OPTIMIZATION_LEVEL = 0;
				GCC_PREPROCESSOR_DEFINITIONS = (
					"DEBUG=1",
					"$(inherited)",
				);
				GCC_WARN_64_TO_32_BIT_CONVERSION = YES;
				GCC_WARN_ABOUT_RETURN_TYPE = YES_ERROR;
				GCC_WARN_UNDECLARED_SELECTOR = YES;
				GCC_WARN_UNINITIALIZED_AUTOS = YES_AGGRESSIVE;
				GCC_WARN_UNUSED_FUNCTION = YES;
				GCC_WARN_UNUSED_VARIABLE = YES;
				IPHONEOS_DEPLOYMENT_TARGET = 17.2;
				LOCALIZATION_PREFERS_STRING_CATALOGS = YES;
				MTL_ENABLE_DEBUG_INFO = INCLUDE_SOURCE;
				MTL_FAST_MATH = YES;
				ONLY_ACTIVE_ARCH = YES;
				SDKROOT = iphoneos;
				SWIFT_ACTIVE_COMPILATION_CONDITIONS = "DEBUG $(inherited)";
				SWIFT_OPTIMIZATION_LEVEL = "-Onone";
			};
			name = Debug;
		};
		78B8E2B12C4144B5000EB0F5 /* Release */ = {
			isa = XCBuildConfiguration;
			buildSettings = {
				ALWAYS_SEARCH_USER_PATHS = NO;
				ASSETCATALOG_COMPILER_GENERATE_SWIFT_ASSET_SYMBOL_EXTENSIONS = YES;
				CLANG_ANALYZER_NONNULL = YES;
				CLANG_ANALYZER_NUMBER_OBJECT_CONVERSION = YES_AGGRESSIVE;
				CLANG_CXX_LANGUAGE_STANDARD = "gnu++20";
				CLANG_ENABLE_MODULES = YES;
				CLANG_ENABLE_OBJC_ARC = YES;
				CLANG_ENABLE_OBJC_WEAK = YES;
				CLANG_WARN_BLOCK_CAPTURE_AUTORELEASING = YES;
				CLANG_WARN_BOOL_CONVERSION = YES;
				CLANG_WARN_COMMA = YES;
				CLANG_WARN_CONSTANT_CONVERSION = YES;
				CLANG_WARN_DEPRECATED_OBJC_IMPLEMENTATIONS = YES;
				CLANG_WARN_DIRECT_OBJC_ISA_USAGE = YES_ERROR;
				CLANG_WARN_DOCUMENTATION_COMMENTS = YES;
				CLANG_WARN_EMPTY_BODY = YES;
				CLANG_WARN_ENUM_CONVERSION = YES;
				CLANG_WARN_INFINITE_RECURSION = YES;
				CLANG_WARN_INT_CONVERSION = YES;
				CLANG_WARN_NON_LITERAL_NULL_CONVERSION = YES;
				CLANG_WARN_OBJC_IMPLICIT_RETAIN_SELF = YES;
				CLANG_WARN_OBJC_LITERAL_CONVERSION = YES;
				CLANG_WARN_OBJC_ROOT_CLASS = YES_ERROR;
				CLANG_WARN_QUOTED_INCLUDE_IN_FRAMEWORK_HEADER = YES;
				CLANG_WARN_RANGE_LOOP_ANALYSIS = YES;
				CLANG_WARN_STRICT_PROTOTYPES = YES;
				CLANG_WARN_SUSPICIOUS_MOVE = YES;
				CLANG_WARN_UNGUARDED_AVAILABILITY = YES_AGGRESSIVE;
				CLANG_WARN_UNREACHABLE_CODE = YES;
				CLANG_WARN__DUPLICATE_METHOD_MATCH = YES;
				COPY_PHASE_STRIP = NO;
				DEBUG_INFORMATION_FORMAT = "dwarf-with-dsym";
				ENABLE_NS_ASSERTIONS = NO;
				ENABLE_STRICT_OBJC_MSGSEND = YES;
				ENABLE_USER_SCRIPT_SANDBOXING = YES;
				GCC_C_LANGUAGE_STANDARD = gnu17;
				GCC_NO_COMMON_BLOCKS = YES;
				GCC_WARN_64_TO_32_BIT_CONVERSION = YES;
				GCC_WARN_ABOUT_RETURN_TYPE = YES_ERROR;
				GCC_WARN_UNDECLARED_SELECTOR = YES;
				GCC_WARN_UNINITIALIZED_AUTOS = YES_AGGRESSIVE;
				GCC_WARN_UNUSED_FUNCTION = YES;
				GCC_WARN_UNUSED_VARIABLE = YES;
				IPHONEOS_DEPLOYMENT_TARGET = 17.2;
				LOCALIZATION_PREFERS_STRING_CATALOGS = YES;
				MTL_ENABLE_DEBUG_INFO = NO;
				MTL_FAST_MATH = YES;
				SDKROOT = iphoneos;
				SWIFT_COMPILATION_MODE = wholemodule;
				VALIDATE_PRODUCT = YES;
			};
			name = Release;
		};
		78B8E2B32C4144B5000EB0F5 /* Debug */ = {
			isa = XCBuildConfiguration;
			buildSettings = {
				ASSETCATALOG_COMPILER_APPICON_NAME = AppIcon;
				ASSETCATALOG_COMPILER_GLOBAL_ACCENT_COLOR_NAME = AccentColor;
				CODE_SIGN_STYLE = Automatic;
				CURRENT_PROJECT_VERSION = 1;
				DEVELOPMENT_TEAM = S9PBYVUAZF;
				GENERATE_INFOPLIST_FILE = YES;
				INFOPLIST_FILE = m2pfintechAssignment/Info.plist;
				INFOPLIST_KEY_UIApplicationSupportsIndirectInputEvents = YES;
				INFOPLIST_KEY_UILaunchStoryboardName = LaunchScreen;
				INFOPLIST_KEY_UIMainStoryboardFile = Main;
				INFOPLIST_KEY_UISupportedInterfaceOrientations_iPad = "UIInterfaceOrientationPortrait UIInterfaceOrientationPortraitUpsideDown UIInterfaceOrientationLandscapeLeft UIInterfaceOrientationLandscapeRight";
				INFOPLIST_KEY_UISupportedInterfaceOrientations_iPhone = "UIInterfaceOrientationPortrait UIInterfaceOrientationLandscapeLeft UIInterfaceOrientationLandscapeRight";
				LD_RUNPATH_SEARCH_PATHS = (
					"$(inherited)",
					"@executable_path/Frameworks",
				);
				MARKETING_VERSION = 1.0;
				PRODUCT_BUNDLE_IDENTIFIER = Susmita.m2pfintechAssignment;
				PRODUCT_NAME = "$(TARGET_NAME)";
				SWIFT_EMIT_LOC_STRINGS = YES;
				SWIFT_VERSION = 5.0;
				TARGETED_DEVICE_FAMILY = "1,2";
			};
			name = Debug;
		};
		78B8E2B42C4144B5000EB0F5 /* Release */ = {
			isa = XCBuildConfiguration;
			buildSettings = {
				ASSETCATALOG_COMPILER_APPICON_NAME = AppIcon;
				ASSETCATALOG_COMPILER_GLOBAL_ACCENT_COLOR_NAME = AccentColor;
				CODE_SIGN_STYLE = Automatic;
				CURRENT_PROJECT_VERSION = 1;
				DEVELOPMENT_TEAM = S9PBYVUAZF;
				GENERATE_INFOPLIST_FILE = YES;
				INFOPLIST_FILE = m2pfintechAssignment/Info.plist;
				INFOPLIST_KEY_UIApplicationSupportsIndirectInputEvents = YES;
				INFOPLIST_KEY_UILaunchStoryboardName = LaunchScreen;
				INFOPLIST_KEY_UIMainStoryboardFile = Main;
				INFOPLIST_KEY_UISupportedInterfaceOrientations_iPad = "UIInterfaceOrientationPortrait UIInterfaceOrientationPortraitUpsideDown UIInterfaceOrientationLandscapeLeft UIInterfaceOrientationLandscapeRight";
				INFOPLIST_KEY_UISupportedInterfaceOrientations_iPhone = "UIInterfaceOrientationPortrait UIInterfaceOrientationLandscapeLeft UIInterfaceOrientationLandscapeRight";
				LD_RUNPATH_SEARCH_PATHS = (
					"$(inherited)",
					"@executable_path/Frameworks",
				);
				MARKETING_VERSION = 1.0;
				PRODUCT_BUNDLE_IDENTIFIER = Susmita.m2pfintechAssignment;
				PRODUCT_NAME = "$(TARGET_NAME)";
				SWIFT_EMIT_LOC_STRINGS = YES;
				SWIFT_VERSION = 5.0;
				TARGETED_DEVICE_FAMILY = "1,2";
			};
			name = Release;
		};
		78B8E2B62C4144B5000EB0F5 /* Debug */ = {
			isa = XCBuildConfiguration;
			buildSettings = {
				ALWAYS_EMBED_SWIFT_STANDARD_LIBRARIES = YES;
				BUNDLE_LOADER = "$(TEST_HOST)";
				CODE_SIGN_STYLE = Automatic;
				CURRENT_PROJECT_VERSION = 1;
				DEVELOPMENT_TEAM = S9PBYVUAZF;
				GENERATE_INFOPLIST_FILE = YES;
				IPHONEOS_DEPLOYMENT_TARGET = 17.2;
				MARKETING_VERSION = 1.0;
				PRODUCT_BUNDLE_IDENTIFIER = Susmita.m2pfintechAssignmentTests;
				PRODUCT_NAME = "$(TARGET_NAME)";
				SWIFT_EMIT_LOC_STRINGS = NO;
				SWIFT_VERSION = 5.0;
				TARGETED_DEVICE_FAMILY = "1,2";
				TEST_HOST = "$(BUILT_PRODUCTS_DIR)/m2pfintechAssignment.app/$(BUNDLE_EXECUTABLE_FOLDER_PATH)/m2pfintechAssignment";
			};
			name = Debug;
		};
		78B8E2B72C4144B5000EB0F5 /* Release */ = {
			isa = XCBuildConfiguration;
			buildSettings = {
				ALWAYS_EMBED_SWIFT_STANDARD_LIBRARIES = YES;
				BUNDLE_LOADER = "$(TEST_HOST)";
				CODE_SIGN_STYLE = Automatic;
				CURRENT_PROJECT_VERSION = 1;
				DEVELOPMENT_TEAM = S9PBYVUAZF;
				GENERATE_INFOPLIST_FILE = YES;
				IPHONEOS_DEPLOYMENT_TARGET = 17.2;
				MARKETING_VERSION = 1.0;
				PRODUCT_BUNDLE_IDENTIFIER = Susmita.m2pfintechAssignmentTests;
				PRODUCT_NAME = "$(TARGET_NAME)";
				SWIFT_EMIT_LOC_STRINGS = NO;
				SWIFT_VERSION = 5.0;
				TARGETED_DEVICE_FAMILY = "1,2";
				TEST_HOST = "$(BUILT_PRODUCTS_DIR)/m2pfintechAssignment.app/$(BUNDLE_EXECUTABLE_FOLDER_PATH)/m2pfintechAssignment";
			};
			name = Release;
		};
		78B8E2B92C4144B5000EB0F5 /* Debug */ = {
			isa = XCBuildConfiguration;
			buildSettings = {
				ALWAYS_EMBED_SWIFT_STANDARD_LIBRARIES = YES;
				CODE_SIGN_STYLE = Automatic;
				CURRENT_PROJECT_VERSION = 1;
				DEVELOPMENT_TEAM = S9PBYVUAZF;
				GENERATE_INFOPLIST_FILE = YES;
				MARKETING_VERSION = 1.0;
				PRODUCT_BUNDLE_IDENTIFIER = Susmita.m2pfintechAssignmentUITests;
				PRODUCT_NAME = "$(TARGET_NAME)";
				SWIFT_EMIT_LOC_STRINGS = NO;
				SWIFT_VERSION = 5.0;
				TARGETED_DEVICE_FAMILY = "1,2";
				TEST_TARGET_NAME = m2pfintechAssignment;
			};
			name = Debug;
		};
		78B8E2BA2C4144B5000EB0F5 /* Release */ = {
			isa = XCBuildConfiguration;
			buildSettings = {
				ALWAYS_EMBED_SWIFT_STANDARD_LIBRARIES = YES;
				CODE_SIGN_STYLE = Automatic;
				CURRENT_PROJECT_VERSION = 1;
				DEVELOPMENT_TEAM = S9PBYVUAZF;
				GENERATE_INFOPLIST_FILE = YES;
				MARKETING_VERSION = 1.0;
				PRODUCT_BUNDLE_IDENTIFIER = Susmita.m2pfintechAssignmentUITests;
				PRODUCT_NAME = "$(TARGET_NAME)";
				SWIFT_EMIT_LOC_STRINGS = NO;
				SWIFT_VERSION = 5.0;
				TARGETED_DEVICE_FAMILY = "1,2";
				TEST_TARGET_NAME = m2pfintechAssignment;
			};
			name = Release;
		};
/* End XCBuildConfiguration section */

/* Begin XCConfigurationList section */
		78B8E2802C4144B3000EB0F5 /* Build configuration list for PBXProject "m2pfintechAssignment" */ = {
			isa = XCConfigurationList;
			buildConfigurations = (
				78B8E2B02C4144B5000EB0F5 /* Debug */,
				78B8E2B12C4144B5000EB0F5 /* Release */,
			);
			defaultConfigurationIsVisible = 0;
			defaultConfigurationName = Release;
		};
		78B8E2B22C4144B5000EB0F5 /* Build configuration list for PBXNativeTarget "m2pfintechAssignment" */ = {
			isa = XCConfigurationList;
			buildConfigurations = (
				78B8E2B32C4144B5000EB0F5 /* Debug */,
				78B8E2B42C4144B5000EB0F5 /* Release */,
			);
			defaultConfigurationIsVisible = 0;
			defaultConfigurationName = Release;
		};
		78B8E2B52C4144B5000EB0F5 /* Build configuration list for PBXNativeTarget "m2pfintechAssignmentTests" */ = {
			isa = XCConfigurationList;
			buildConfigurations = (
				78B8E2B62C4144B5000EB0F5 /* Debug */,
				78B8E2B72C4144B5000EB0F5 /* Release */,
			);
			defaultConfigurationIsVisible = 0;
			defaultConfigurationName = Release;
		};
		78B8E2B82C4144B5000EB0F5 /* Build configuration list for PBXNativeTarget "m2pfintechAssignmentUITests" */ = {
			isa = XCConfigurationList;
			buildConfigurations = (
				78B8E2B92C4144B5000EB0F5 /* Debug */,
				78B8E2BA2C4144B5000EB0F5 /* Release */,
			);
			defaultConfigurationIsVisible = 0;
			defaultConfigurationName = Release;
		};
/* End XCConfigurationList section */

/* Begin XCVersionGroup section */
		78B8E2912C4144B3000EB0F5 /* m2pfintechAssignment.xcdatamodeld */ = {
			isa = XCVersionGroup;
			children = (
				78B8E2922C4144B3000EB0F5 /* m2pfintechAssignment.xcdatamodel */,
			);
			currentVersion = 78B8E2922C4144B3000EB0F5 /* m2pfintechAssignment.xcdatamodel */;
			path = m2pfintechAssignment.xcdatamodeld;
			sourceTree = "<group>";
			versionGroupType = wrapper.xcdatamodel;
		};
/* End XCVersionGroup section */
	};
	rootObject = 78B8E27D2C4144B3000EB0F5 /* Project object */;
}
